// !$*UTF8*$!
{
	archiveVersion = 1;
	classes = {
	};
	objectVersion = 56;
	objects = {

/* Begin PBXBuildFile section */
		46D3EF642C3FC97700E0900F /* WeatherModel.swift in Sources */ = {isa = PBXBuildFile; fileRef = 46D3EF632C3FC97700E0900F /* WeatherModel.swift */; };
		46D3EF672C3FCA4100E0900F /* Observable.swift in Sources */ = {isa = PBXBuildFile; fileRef = 46D3EF662C3FCA4100E0900F /* Observable.swift */; };
		46D3EF692C3FCDCB00E0900F /* WeatherRepository.swift in Sources */ = {isa = PBXBuildFile; fileRef = 46D3EF682C3FCDCB00E0900F /* WeatherRepository.swift */; };
		46D3EF6B2C3FCF5B00E0900F /* RealmModel.swift in Sources */ = {isa = PBXBuildFile; fileRef = 46D3EF6A2C3FCF5B00E0900F /* RealmModel.swift */; };
		46D3EF6E2C3FD86600E0900F /* Kingfisher in Frameworks */ = {isa = PBXBuildFile; productRef = 46D3EF6D2C3FD86600E0900F /* Kingfisher */; };
		46D3EF712C41137100E0900F /* UserDefault.swift in Sources */ = {isa = PBXBuildFile; fileRef = 46D3EF702C41137100E0900F /* UserDefault.swift */; };
		46D3EF772C41647700E0900F /* LocationManager.swift in Sources */ = {isa = PBXBuildFile; fileRef = 46D3EF762C41647700E0900F /* LocationManager.swift */; };
		46D3EF7A2C42151F00E0900F /* Formatter.swift in Sources */ = {isa = PBXBuildFile; fileRef = 46D3EF792C42151F00E0900F /* Formatter.swift */; };
		46D3EF832C45351E00E0900F /* SearchViewModel.swift in Sources */ = {isa = PBXBuildFile; fileRef = 46D3EF822C45351E00E0900F /* SearchViewModel.swift */; };
		46D6BC502C3EB05900A8B683 /* AppDelegate.swift in Sources */ = {isa = PBXBuildFile; fileRef = 46D6BC4F2C3EB05900A8B683 /* AppDelegate.swift */; };
		46D6BC522C3EB05900A8B683 /* SceneDelegate.swift in Sources */ = {isa = PBXBuildFile; fileRef = 46D6BC512C3EB05900A8B683 /* SceneDelegate.swift */; };
		46D6BC592C3EB05D00A8B683 /* Assets.xcassets in Resources */ = {isa = PBXBuildFile; fileRef = 46D6BC582C3EB05D00A8B683 /* Assets.xcassets */; };
		46D6BC5C2C3EB05D00A8B683 /* Base in Resources */ = {isa = PBXBuildFile; fileRef = 46D6BC5B2C3EB05D00A8B683 /* Base */; };
		46D6BC662C3EB14500A8B683 /* CityList.json in Resources */ = {isa = PBXBuildFile; fileRef = 46D6BC652C3EB14500A8B683 /* CityList.json */; };
		46D6BC692C3EB18500A8B683 /* RealmSwift in Frameworks */ = {isa = PBXBuildFile; productRef = 46D6BC682C3EB18500A8B683 /* RealmSwift */; };
		46D6BC6C2C3EB19C00A8B683 /* Alamofire in Frameworks */ = {isa = PBXBuildFile; productRef = 46D6BC6B2C3EB19C00A8B683 /* Alamofire */; };
		46D6BC6F2C3EB1FB00A8B683 /* SnapKit in Frameworks */ = {isa = PBXBuildFile; productRef = 46D6BC6E2C3EB1FB00A8B683 /* SnapKit */; };
		46D6BC722C3EB2F000A8B683 /* WeatherDetailViewController.swift in Sources */ = {isa = PBXBuildFile; fileRef = 46D6BC712C3EB2F000A8B683 /* WeatherDetailViewController.swift */; };
		46D6BC742C3EB37C00A8B683 /* BaseViewController.swift in Sources */ = {isa = PBXBuildFile; fileRef = 46D6BC732C3EB37C00A8B683 /* BaseViewController.swift */; };
		46D6BC762C3EB3A900A8B683 /* BaseTableViewCell.swift in Sources */ = {isa = PBXBuildFile; fileRef = 46D6BC752C3EB3A900A8B683 /* BaseTableViewCell.swift */; };
		46D6BC782C3EB3C700A8B683 /* BaseCollectionViewCell.swift in Sources */ = {isa = PBXBuildFile; fileRef = 46D6BC772C3EB3C700A8B683 /* BaseCollectionViewCell.swift */; };
		46D6BC7A2C3EB48200A8B683 /* SearchViewController.swift in Sources */ = {isa = PBXBuildFile; fileRef = 46D6BC792C3EB48200A8B683 /* SearchViewController.swift */; };
		46D6BC7D2C3EB59C00A8B683 /* ResponseAPI.swift in Sources */ = {isa = PBXBuildFile; fileRef = 46D6BC7C2C3EB59C00A8B683 /* ResponseAPI.swift */; };
		46D6BC7F2C3EB60000A8B683 /* APIURL.swift in Sources */ = {isa = PBXBuildFile; fileRef = 46D6BC7E2C3EB60000A8B683 /* APIURL.swift */; };
		46D6BC832C3EB6F500A8B683 /* WeatherDecodable.swift in Sources */ = {isa = PBXBuildFile; fileRef = 46D6BC822C3EB6F400A8B683 /* WeatherDecodable.swift */; };
		46D6BC852C3EBF9600A8B683 /* .gitignore in Resources */ = {isa = PBXBuildFile; fileRef = 46D6BC842C3EBF9600A8B683 /* .gitignore */; };
		46D6BC872C3EBFAC00A8B683 /* Key.swift in Sources */ = {isa = PBXBuildFile; fileRef = 46D6BC862C3EBFAC00A8B683 /* Key.swift */; };
		46D6BC8A2C3ECAD000A8B683 /* MainLocationView.swift in Sources */ = {isa = PBXBuildFile; fileRef = 46D6BC892C3ECAD000A8B683 /* MainLocationView.swift */; };
		46D6BC8D2C3ECDA400A8B683 /* HexCode.swift in Sources */ = {isa = PBXBuildFile; fileRef = 46D6BC8C2C3ECDA400A8B683 /* HexCode.swift */; };
		46D6BC8F2C3EDDA600A8B683 /* Reusable.swift in Sources */ = {isa = PBXBuildFile; fileRef = 46D6BC8E2C3EDDA600A8B683 /* Reusable.swift */; };
		46D6BC912C3EE13100A8B683 /* MainCollectionViewCell.swift in Sources */ = {isa = PBXBuildFile; fileRef = 46D6BC902C3EE13100A8B683 /* MainCollectionViewCell.swift */; };
		46D6BC932C3EE5D500A8B683 /* MainTableViewCell.swift in Sources */ = {isa = PBXBuildFile; fileRef = 46D6BC922C3EE5D400A8B683 /* MainTableViewCell.swift */; };
		46D6BC952C3EEE3300A8B683 /* SectionView.swift in Sources */ = {isa = PBXBuildFile; fileRef = 46D6BC942C3EEE3200A8B683 /* SectionView.swift */; };
		46D6BC972C3EEE8100A8B683 /* BaseView.swift in Sources */ = {isa = PBXBuildFile; fileRef = 46D6BC962C3EEE8100A8B683 /* BaseView.swift */; };
		46D6BC992C3F04CE00A8B683 /* DetailView.swift in Sources */ = {isa = PBXBuildFile; fileRef = 46D6BC982C3F04CE00A8B683 /* DetailView.swift */; };
/* End PBXBuildFile section */

/* Begin PBXFileReference section */
		46D3EF632C3FC97700E0900F /* WeatherModel.swift */ = {isa = PBXFileReference; lastKnownFileType = sourcecode.swift; path = WeatherModel.swift; sourceTree = "<group>"; };
		46D3EF662C3FCA4100E0900F /* Observable.swift */ = {isa = PBXFileReference; lastKnownFileType = sourcecode.swift; path = Observable.swift; sourceTree = "<group>"; };
		46D3EF682C3FCDCB00E0900F /* WeatherRepository.swift */ = {isa = PBXFileReference; lastKnownFileType = sourcecode.swift; path = WeatherRepository.swift; sourceTree = "<group>"; };
		46D3EF6A2C3FCF5B00E0900F /* RealmModel.swift */ = {isa = PBXFileReference; lastKnownFileType = sourcecode.swift; path = RealmModel.swift; sourceTree = "<group>"; };
		46D3EF702C41137100E0900F /* UserDefault.swift */ = {isa = PBXFileReference; lastKnownFileType = sourcecode.swift; path = UserDefault.swift; sourceTree = "<group>"; };
		46D3EF762C41647700E0900F /* LocationManager.swift */ = {isa = PBXFileReference; lastKnownFileType = sourcecode.swift; path = LocationManager.swift; sourceTree = "<group>"; };
		46D3EF792C42151F00E0900F /* Formatter.swift */ = {isa = PBXFileReference; lastKnownFileType = sourcecode.swift; path = Formatter.swift; sourceTree = "<group>"; };
		46D3EF822C45351E00E0900F /* SearchViewModel.swift */ = {isa = PBXFileReference; lastKnownFileType = sourcecode.swift; path = SearchViewModel.swift; sourceTree = "<group>"; };
		46D6BC4C2C3EB05900A8B683 /* CityWeatherApp.app */ = {isa = PBXFileReference; explicitFileType = wrapper.application; includeInIndex = 0; path = CityWeatherApp.app; sourceTree = BUILT_PRODUCTS_DIR; };
		46D6BC4F2C3EB05900A8B683 /* AppDelegate.swift */ = {isa = PBXFileReference; lastKnownFileType = sourcecode.swift; path = AppDelegate.swift; sourceTree = "<group>"; };
		46D6BC512C3EB05900A8B683 /* SceneDelegate.swift */ = {isa = PBXFileReference; lastKnownFileType = sourcecode.swift; path = SceneDelegate.swift; sourceTree = "<group>"; };
		46D6BC582C3EB05D00A8B683 /* Assets.xcassets */ = {isa = PBXFileReference; lastKnownFileType = folder.assetcatalog; path = Assets.xcassets; sourceTree = "<group>"; };
		46D6BC5B2C3EB05D00A8B683 /* Base */ = {isa = PBXFileReference; lastKnownFileType = file.storyboard; name = Base; path = Base.lproj/LaunchScreen.storyboard; sourceTree = "<group>"; };
		46D6BC5D2C3EB05D00A8B683 /* Info.plist */ = {isa = PBXFileReference; lastKnownFileType = text.plist.xml; path = Info.plist; sourceTree = "<group>"; };
		46D6BC652C3EB14500A8B683 /* CityList.json */ = {isa = PBXFileReference; fileEncoding = 4; lastKnownFileType = text.json; name = CityList.json; path = ../../../Asset/CityList.json; sourceTree = "<group>"; };
		46D6BC712C3EB2F000A8B683 /* WeatherDetailViewController.swift */ = {isa = PBXFileReference; lastKnownFileType = sourcecode.swift; path = WeatherDetailViewController.swift; sourceTree = "<group>"; };
		46D6BC732C3EB37C00A8B683 /* BaseViewController.swift */ = {isa = PBXFileReference; lastKnownFileType = sourcecode.swift; path = BaseViewController.swift; sourceTree = "<group>"; };
		46D6BC752C3EB3A900A8B683 /* BaseTableViewCell.swift */ = {isa = PBXFileReference; lastKnownFileType = sourcecode.swift; path = BaseTableViewCell.swift; sourceTree = "<group>"; };
		46D6BC772C3EB3C700A8B683 /* BaseCollectionViewCell.swift */ = {isa = PBXFileReference; lastKnownFileType = sourcecode.swift; path = BaseCollectionViewCell.swift; sourceTree = "<group>"; };
		46D6BC792C3EB48200A8B683 /* SearchViewController.swift */ = {isa = PBXFileReference; lastKnownFileType = sourcecode.swift; path = SearchViewController.swift; sourceTree = "<group>"; };
		46D6BC7C2C3EB59C00A8B683 /* ResponseAPI.swift */ = {isa = PBXFileReference; lastKnownFileType = sourcecode.swift; path = ResponseAPI.swift; sourceTree = "<group>"; };
		46D6BC7E2C3EB60000A8B683 /* APIURL.swift */ = {isa = PBXFileReference; lastKnownFileType = sourcecode.swift; path = APIURL.swift; sourceTree = "<group>"; };
		46D6BC822C3EB6F400A8B683 /* WeatherDecodable.swift */ = {isa = PBXFileReference; lastKnownFileType = sourcecode.swift; path = WeatherDecodable.swift; sourceTree = "<group>"; };
		46D6BC842C3EBF9600A8B683 /* .gitignore */ = {isa = PBXFileReference; lastKnownFileType = text; path = .gitignore; sourceTree = "<group>"; };
		46D6BC862C3EBFAC00A8B683 /* Key.swift */ = {isa = PBXFileReference; lastKnownFileType = sourcecode.swift; path = Key.swift; sourceTree = "<group>"; };
		46D6BC892C3ECAD000A8B683 /* MainLocationView.swift */ = {isa = PBXFileReference; lastKnownFileType = sourcecode.swift; path = MainLocationView.swift; sourceTree = "<group>"; };
		46D6BC8C2C3ECDA400A8B683 /* HexCode.swift */ = {isa = PBXFileReference; lastKnownFileType = sourcecode.swift; path = HexCode.swift; sourceTree = "<group>"; };
		46D6BC8E2C3EDDA600A8B683 /* Reusable.swift */ = {isa = PBXFileReference; lastKnownFileType = sourcecode.swift; path = Reusable.swift; sourceTree = "<group>"; };
		46D6BC902C3EE13100A8B683 /* MainCollectionViewCell.swift */ = {isa = PBXFileReference; lastKnownFileType = sourcecode.swift; path = MainCollectionViewCell.swift; sourceTree = "<group>"; };
		46D6BC922C3EE5D400A8B683 /* MainTableViewCell.swift */ = {isa = PBXFileReference; lastKnownFileType = sourcecode.swift; path = MainTableViewCell.swift; sourceTree = "<group>"; };
		46D6BC942C3EEE3200A8B683 /* SectionView.swift */ = {isa = PBXFileReference; lastKnownFileType = sourcecode.swift; path = SectionView.swift; sourceTree = "<group>"; };
		46D6BC962C3EEE8100A8B683 /* BaseView.swift */ = {isa = PBXFileReference; lastKnownFileType = sourcecode.swift; path = BaseView.swift; sourceTree = "<group>"; };
		46D6BC982C3F04CE00A8B683 /* DetailView.swift */ = {isa = PBXFileReference; lastKnownFileType = sourcecode.swift; path = DetailView.swift; sourceTree = "<group>"; };
/* End PBXFileReference section */

/* Begin PBXFrameworksBuildPhase section */
		46D6BC492C3EB05900A8B683 /* Frameworks */ = {
			isa = PBXFrameworksBuildPhase;
			buildActionMask = 2147483647;
			files = (
				46D3EF6E2C3FD86600E0900F /* Kingfisher in Frameworks */,
				46D6BC6F2C3EB1FB00A8B683 /* SnapKit in Frameworks */,
				46D6BC692C3EB18500A8B683 /* RealmSwift in Frameworks */,
				46D6BC6C2C3EB19C00A8B683 /* Alamofire in Frameworks */,
			);
			runOnlyForDeploymentPostprocessing = 0;
		};
/* End PBXFrameworksBuildPhase section */

/* Begin PBXGroup section */
		46D3EF652C3FCA3200E0900F /* Observable */ = {
			isa = PBXGroup;
			children = (
				46D3EF662C3FCA4100E0900F /* Observable.swift */,
			);
			path = Observable;
			sourceTree = "<group>";
		};
		46D3EF6F2C41135600E0900F /* UserDefault */ = {
			isa = PBXGroup;
			children = (
				46D3EF702C41137100E0900F /* UserDefault.swift */,
			);
			path = UserDefault;
			sourceTree = "<group>";
		};
		46D3EF722C41175200E0900F /* Realm */ = {
			isa = PBXGroup;
			children = (
				46D3EF6A2C3FCF5B00E0900F /* RealmModel.swift */,
				46D3EF682C3FCDCB00E0900F /* WeatherRepository.swift */,
			);
			path = Realm;
			sourceTree = "<group>";
		};
		46D3EF752C41642400E0900F /* LocationManager */ = {
			isa = PBXGroup;
			children = (
				46D3EF762C41647700E0900F /* LocationManager.swift */,
			);
			path = LocationManager;
			sourceTree = "<group>";
		};
		46D3EF782C42126800E0900F /* Formatter */ = {
			isa = PBXGroup;
			children = (
				46D3EF792C42151F00E0900F /* Formatter.swift */,
			);
			path = Formatter;
			sourceTree = "<group>";
		};
		46D6BC432C3EB05900A8B683 = {
			isa = PBXGroup;
			children = (
				46D6BC4E2C3EB05900A8B683 /* CityWeatherApp */,
				46D6BC4D2C3EB05900A8B683 /* Products */,
			);
			sourceTree = "<group>";
		};
		46D6BC4D2C3EB05900A8B683 /* Products */ = {
			isa = PBXGroup;
			children = (
				46D6BC4C2C3EB05900A8B683 /* CityWeatherApp.app */,
			);
			name = Products;
			sourceTree = "<group>";
		};
		46D6BC4E2C3EB05900A8B683 /* CityWeatherApp */ = {
			isa = PBXGroup;
			children = (
				46D3EF782C42126800E0900F /* Formatter */,
				46D6BC842C3EBF9600A8B683 /* .gitignore */,
				46D3EF752C41642400E0900F /* LocationManager */,
				46D3EF722C41175200E0900F /* Realm */,
				46D3EF6F2C41135600E0900F /* UserDefault */,
				46D3EF652C3FCA3200E0900F /* Observable */,
				46D6BC8B2C3ECD9100A8B683 /* Extension */,
				46D6BC7B2C3EB58500A8B683 /* API */,
				46D6BC882C3ECA9F00A8B683 /* CustomView */,
				46D6BC702C3EB26A00A8B683 /* Base */,
				46D6BC642C3EB10200A8B683 /* Search */,
				46D6BC632C3EB0F600A8B683 /* Main */,
				46D6BC4F2C3EB05900A8B683 /* AppDelegate.swift */,
				46D6BC512C3EB05900A8B683 /* SceneDelegate.swift */,
				46D6BC582C3EB05D00A8B683 /* Assets.xcassets */,
				46D6BC5A2C3EB05D00A8B683 /* LaunchScreen.storyboard */,
				46D6BC5D2C3EB05D00A8B683 /* Info.plist */,
				46D6BC652C3EB14500A8B683 /* CityList.json */,
			);
			path = CityWeatherApp;
			sourceTree = "<group>";
		};
		46D6BC632C3EB0F600A8B683 /* Main */ = {
			isa = PBXGroup;
			children = (
				46D6BC902C3EE13100A8B683 /* MainCollectionViewCell.swift */,
				46D6BC922C3EE5D400A8B683 /* MainTableViewCell.swift */,
				46D6BC712C3EB2F000A8B683 /* WeatherDetailViewController.swift */,
				46D3EF632C3FC97700E0900F /* WeatherModel.swift */,
			);
			path = Main;
			sourceTree = "<group>";
		};
		46D6BC642C3EB10200A8B683 /* Search */ = {
			isa = PBXGroup;
			children = (
				46D6BC792C3EB48200A8B683 /* SearchViewController.swift */,
				46D3EF822C45351E00E0900F /* SearchViewModel.swift */,
			);
			path = Search;
			sourceTree = "<group>";
		};
		46D6BC702C3EB26A00A8B683 /* Base */ = {
			isa = PBXGroup;
			children = (
				46D6BC732C3EB37C00A8B683 /* BaseViewController.swift */,
				46D6BC752C3EB3A900A8B683 /* BaseTableViewCell.swift */,
				46D6BC772C3EB3C700A8B683 /* BaseCollectionViewCell.swift */,
				46D6BC962C3EEE8100A8B683 /* BaseView.swift */,
			);
			path = Base;
			sourceTree = "<group>";
		};
		46D6BC7B2C3EB58500A8B683 /* API */ = {
			isa = PBXGroup;
			children = (
				46D6BC7C2C3EB59C00A8B683 /* ResponseAPI.swift */,
				46D6BC7E2C3EB60000A8B683 /* APIURL.swift */,
				46D6BC822C3EB6F400A8B683 /* WeatherDecodable.swift */,
				46D6BC862C3EBFAC00A8B683 /* Key.swift */,
			);
			path = API;
			sourceTree = "<group>";
		};
		46D6BC882C3ECA9F00A8B683 /* CustomView */ = {
			isa = PBXGroup;
			children = (
				46D6BC892C3ECAD000A8B683 /* MainLocationView.swift */,
				46D6BC942C3EEE3200A8B683 /* SectionView.swift */,
				46D6BC982C3F04CE00A8B683 /* DetailView.swift */,
			);
			path = CustomView;
			sourceTree = "<group>";
		};
		46D6BC8B2C3ECD9100A8B683 /* Extension */ = {
			isa = PBXGroup;
			children = (
				46D6BC8C2C3ECDA400A8B683 /* HexCode.swift */,
				46D6BC8E2C3EDDA600A8B683 /* Reusable.swift */,
			);
			path = Extension;
			sourceTree = "<group>";
		};
/* End PBXGroup section */

/* Begin PBXNativeTarget section */
		46D6BC4B2C3EB05900A8B683 /* CityWeatherApp */ = {
			isa = PBXNativeTarget;
			buildConfigurationList = 46D6BC602C3EB05D00A8B683 /* Build configuration list for PBXNativeTarget "CityWeatherApp" */;
			buildPhases = (
				46D6BC482C3EB05900A8B683 /* Sources */,
				46D6BC492C3EB05900A8B683 /* Frameworks */,
				46D6BC4A2C3EB05900A8B683 /* Resources */,
			);
			buildRules = (
			);
			dependencies = (
			);
			name = CityWeatherApp;
			packageProductDependencies = (
				46D6BC682C3EB18500A8B683 /* RealmSwift */,
				46D6BC6B2C3EB19C00A8B683 /* Alamofire */,
				46D6BC6E2C3EB1FB00A8B683 /* SnapKit */,
				46D3EF6D2C3FD86600E0900F /* Kingfisher */,
			);
			productName = CityWeatherApp;
			productReference = 46D6BC4C2C3EB05900A8B683 /* CityWeatherApp.app */;
			productType = "com.apple.product-type.application";
		};
/* End PBXNativeTarget section */

/* Begin PBXProject section */
		46D6BC442C3EB05900A8B683 /* Project object */ = {
			isa = PBXProject;
			attributes = {
				BuildIndependentTargetsInParallel = 1;
				LastSwiftUpdateCheck = 1540;
				LastUpgradeCheck = 1540;
				TargetAttributes = {
					46D6BC4B2C3EB05900A8B683 = {
						CreatedOnToolsVersion = 15.4;
					};
				};
			};
			buildConfigurationList = 46D6BC472C3EB05900A8B683 /* Build configuration list for PBXProject "CityWeatherApp" */;
			compatibilityVersion = "Xcode 14.0";
			developmentRegion = en;
			hasScannedForEncodings = 0;
			knownRegions = (
				en,
				Base,
			);
			mainGroup = 46D6BC432C3EB05900A8B683;
			packageReferences = (
				46D6BC672C3EB18500A8B683 /* XCRemoteSwiftPackageReference "realm-swift" */,
				46D6BC6A2C3EB19B00A8B683 /* XCRemoteSwiftPackageReference "Alamofire" */,
				46D6BC6D2C3EB1FB00A8B683 /* XCRemoteSwiftPackageReference "SnapKit" */,
				46D3EF6C2C3FD86600E0900F /* XCRemoteSwiftPackageReference "Kingfisher" */,
			);
			productRefGroup = 46D6BC4D2C3EB05900A8B683 /* Products */;
			projectDirPath = "";
			projectRoot = "";
			targets = (
				46D6BC4B2C3EB05900A8B683 /* CityWeatherApp */,
			);
		};
/* End PBXProject section */

/* Begin PBXResourcesBuildPhase section */
		46D6BC4A2C3EB05900A8B683 /* Resources */ = {
			isa = PBXResourcesBuildPhase;
			buildActionMask = 2147483647;
			files = (
				46D6BC852C3EBF9600A8B683 /* .gitignore in Resources */,
				46D6BC592C3EB05D00A8B683 /* Assets.xcassets in Resources */,
				46D6BC662C3EB14500A8B683 /* CityList.json in Resources */,
				46D6BC5C2C3EB05D00A8B683 /* Base in Resources */,
			);
			runOnlyForDeploymentPostprocessing = 0;
		};
/* End PBXResourcesBuildPhase section */

/* Begin PBXSourcesBuildPhase section */
		46D6BC482C3EB05900A8B683 /* Sources */ = {
			isa = PBXSourcesBuildPhase;
			buildActionMask = 2147483647;
			files = (
				46D6BC502C3EB05900A8B683 /* AppDelegate.swift in Sources */,
				46D6BC7F2C3EB60000A8B683 /* APIURL.swift in Sources */,
				46D3EF772C41647700E0900F /* LocationManager.swift in Sources */,
				46D6BC8A2C3ECAD000A8B683 /* MainLocationView.swift in Sources */,
				46D6BC872C3EBFAC00A8B683 /* Key.swift in Sources */,
				46D6BC7A2C3EB48200A8B683 /* SearchViewController.swift in Sources */,
				46D6BC8D2C3ECDA400A8B683 /* HexCode.swift in Sources */,
				46D6BC8F2C3EDDA600A8B683 /* Reusable.swift in Sources */,
				46D6BC912C3EE13100A8B683 /* MainCollectionViewCell.swift in Sources */,
				46D3EF712C41137100E0900F /* UserDefault.swift in Sources */,
				46D6BC742C3EB37C00A8B683 /* BaseViewController.swift in Sources */,
				46D6BC722C3EB2F000A8B683 /* WeatherDetailViewController.swift in Sources */,
				46D3EF672C3FCA4100E0900F /* Observable.swift in Sources */,
				46D6BC932C3EE5D500A8B683 /* MainTableViewCell.swift in Sources */,
				46D3EF7A2C42151F00E0900F /* Formatter.swift in Sources */,
				46D6BC952C3EEE3300A8B683 /* SectionView.swift in Sources */,
				46D6BC762C3EB3A900A8B683 /* BaseTableViewCell.swift in Sources */,
				46D6BC7D2C3EB59C00A8B683 /* ResponseAPI.swift in Sources */,
				46D3EF642C3FC97700E0900F /* WeatherModel.swift in Sources */,
				46D6BC832C3EB6F500A8B683 /* WeatherDecodable.swift in Sources */,
				46D6BC972C3EEE8100A8B683 /* BaseView.swift in Sources */,
				46D6BC992C3F04CE00A8B683 /* DetailView.swift in Sources */,
				46D6BC522C3EB05900A8B683 /* SceneDelegate.swift in Sources */,
				46D3EF692C3FCDCB00E0900F /* WeatherRepository.swift in Sources */,
				46D3EF832C45351E00E0900F /* SearchViewModel.swift in Sources */,
				46D6BC782C3EB3C700A8B683 /* BaseCollectionViewCell.swift in Sources */,
				46D3EF6B2C3FCF5B00E0900F /* RealmModel.swift in Sources */,
			);
			runOnlyForDeploymentPostprocessing = 0;
		};
/* End PBXSourcesBuildPhase section */

/* Begin PBXVariantGroup section */
		46D6BC5A2C3EB05D00A8B683 /* LaunchScreen.storyboard */ = {
			isa = PBXVariantGroup;
			children = (
				46D6BC5B2C3EB05D00A8B683 /* Base */,
			);
			name = LaunchScreen.storyboard;
			sourceTree = "<group>";
		};
/* End PBXVariantGroup section */

/* Begin XCBuildConfiguration section */
		46D6BC5E2C3EB05D00A8B683 /* Debug */ = {
			isa = XCBuildConfiguration;
			buildSettings = {
				ALWAYS_SEARCH_USER_PATHS = NO;
				ASSETCATALOG_COMPILER_GENERATE_SWIFT_ASSET_SYMBOL_EXTENSIONS = YES;
				CLANG_ANALYZER_NONNULL = YES;
				CLANG_ANALYZER_NUMBER_OBJECT_CONVERSION = YES_AGGRESSIVE;
				CLANG_CXX_LANGUAGE_STANDARD = "gnu++20";
				CLANG_ENABLE_MODULES = YES;
				CLANG_ENABLE_OBJC_ARC = YES;
				CLANG_ENABLE_OBJC_WEAK = YES;
				CLANG_WARN_BLOCK_CAPTURE_AUTORELEASING = YES;
				CLANG_WARN_BOOL_CONVERSION = YES;
				CLANG_WARN_COMMA = YES;
				CLANG_WARN_CONSTANT_CONVERSION = YES;
				CLANG_WARN_DEPRECATED_OBJC_IMPLEMENTATIONS = YES;
				CLANG_WARN_DIRECT_OBJC_ISA_USAGE = YES_ERROR;
				CLANG_WARN_DOCUMENTATION_COMMENTS = YES;
				CLANG_WARN_EMPTY_BODY = YES;
				CLANG_WARN_ENUM_CONVERSION = YES;
				CLANG_WARN_INFINITE_RECURSION = YES;
				CLANG_WARN_INT_CONVERSION = YES;
				CLANG_WARN_NON_LITERAL_NULL_CONVERSION = YES;
				CLANG_WARN_OBJC_IMPLICIT_RETAIN_SELF = YES;
				CLANG_WARN_OBJC_LITERAL_CONVERSION = YES;
				CLANG_WARN_OBJC_ROOT_CLASS = YES_ERROR;
				CLANG_WARN_QUOTED_INCLUDE_IN_FRAMEWORK_HEADER = YES;
				CLANG_WARN_RANGE_LOOP_ANALYSIS = YES;
				CLANG_WARN_STRICT_PROTOTYPES = YES;
				CLANG_WARN_SUSPICIOUS_MOVE = YES;
				CLANG_WARN_UNGUARDED_AVAILABILITY = YES_AGGRESSIVE;
				CLANG_WARN_UNREACHABLE_CODE = YES;
				CLANG_WARN__DUPLICATE_METHOD_MATCH = YES;
				COPY_PHASE_STRIP = NO;
				DEBUG_INFORMATION_FORMAT = dwarf;
				ENABLE_STRICT_OBJC_MSGSEND = YES;
				ENABLE_TESTABILITY = YES;
				ENABLE_USER_SCRIPT_SANDBOXING = YES;
				GCC_C_LANGUAGE_STANDARD = gnu17;
				GCC_DYNAMIC_NO_PIC = NO;
				GCC_NO_COMMON_BLOCKS = YES;
				GCC_OPTIMIZATION_LEVEL = 0;
				GCC_PREPROCESSOR_DEFINITIONS = (
					"DEBUG=1",
					"$(inherited)",
				);
				GCC_WARN_64_TO_32_BIT_CONVERSION = YES;
				GCC_WARN_ABOUT_RETURN_TYPE = YES_ERROR;
				GCC_WARN_UNDECLARED_SELECTOR = YES;
				GCC_WARN_UNINITIALIZED_AUTOS = YES_AGGRESSIVE;
				GCC_WARN_UNUSED_FUNCTION = YES;
				GCC_WARN_UNUSED_VARIABLE = YES;
				IPHONEOS_DEPLOYMENT_TARGET = 17.5;
				LOCALIZATION_PREFERS_STRING_CATALOGS = YES;
				MTL_ENABLE_DEBUG_INFO = INCLUDE_SOURCE;
				MTL_FAST_MATH = YES;
				ONLY_ACTIVE_ARCH = YES;
				SDKROOT = iphoneos;
				SWIFT_ACTIVE_COMPILATION_CONDITIONS = "DEBUG $(inherited)";
				SWIFT_OPTIMIZATION_LEVEL = "-Onone";
			};
			name = Debug;
		};
		46D6BC5F2C3EB05D00A8B683 /* Release */ = {
			isa = XCBuildConfiguration;
			buildSettings = {
				ALWAYS_SEARCH_USER_PATHS = NO;
				ASSETCATALOG_COMPILER_GENERATE_SWIFT_ASSET_SYMBOL_EXTENSIONS = YES;
				CLANG_ANALYZER_NONNULL = YES;
				CLANG_ANALYZER_NUMBER_OBJECT_CONVERSION = YES_AGGRESSIVE;
				CLANG_CXX_LANGUAGE_STANDARD = "gnu++20";
				CLANG_ENABLE_MODULES = YES;
				CLANG_ENABLE_OBJC_ARC = YES;
				CLANG_ENABLE_OBJC_WEAK = YES;
				CLANG_WARN_BLOCK_CAPTURE_AUTORELEASING = YES;
				CLANG_WARN_BOOL_CONVERSION = YES;
				CLANG_WARN_COMMA = YES;
				CLANG_WARN_CONSTANT_CONVERSION = YES;
				CLANG_WARN_DEPRECATED_OBJC_IMPLEMENTATIONS = YES;
				CLANG_WARN_DIRECT_OBJC_ISA_USAGE = YES_ERROR;
				CLANG_WARN_DOCUMENTATION_COMMENTS = YES;
				CLANG_WARN_EMPTY_BODY = YES;
				CLANG_WARN_ENUM_CONVERSION = YES;
				CLANG_WARN_INFINITE_RECURSION = YES;
				CLANG_WARN_INT_CONVERSION = YES;
				CLANG_WARN_NON_LITERAL_NULL_CONVERSION = YES;
				CLANG_WARN_OBJC_IMPLICIT_RETAIN_SELF = YES;
				CLANG_WARN_OBJC_LITERAL_CONVERSION = YES;
				CLANG_WARN_OBJC_ROOT_CLASS = YES_ERROR;
				CLANG_WARN_QUOTED_INCLUDE_IN_FRAMEWORK_HEADER = YES;
				CLANG_WARN_RANGE_LOOP_ANALYSIS = YES;
				CLANG_WARN_STRICT_PROTOTYPES = YES;
				CLANG_WARN_SUSPICIOUS_MOVE = YES;
				CLANG_WARN_UNGUARDED_AVAILABILITY = YES_AGGRESSIVE;
				CLANG_WARN_UNREACHABLE_CODE = YES;
				CLANG_WARN__DUPLICATE_METHOD_MATCH = YES;
				COPY_PHASE_STRIP = NO;
				DEBUG_INFORMATION_FORMAT = "dwarf-with-dsym";
				ENABLE_NS_ASSERTIONS = NO;
				ENABLE_STRICT_OBJC_MSGSEND = YES;
				ENABLE_USER_SCRIPT_SANDBOXING = YES;
				GCC_C_LANGUAGE_STANDARD = gnu17;
				GCC_NO_COMMON_BLOCKS = YES;
				GCC_WARN_64_TO_32_BIT_CONVERSION = YES;
				GCC_WARN_ABOUT_RETURN_TYPE = YES_ERROR;
				GCC_WARN_UNDECLARED_SELECTOR = YES;
				GCC_WARN_UNINITIALIZED_AUTOS = YES_AGGRESSIVE;
				GCC_WARN_UNUSED_FUNCTION = YES;
				GCC_WARN_UNUSED_VARIABLE = YES;
				IPHONEOS_DEPLOYMENT_TARGET = 17.5;
				LOCALIZATION_PREFERS_STRING_CATALOGS = YES;
				MTL_ENABLE_DEBUG_INFO = NO;
				MTL_FAST_MATH = YES;
				SDKROOT = iphoneos;
				SWIFT_COMPILATION_MODE = wholemodule;
				VALIDATE_PRODUCT = YES;
			};
			name = Release;
		};
		46D6BC612C3EB05D00A8B683 /* Debug */ = {
			isa = XCBuildConfiguration;
			buildSettings = {
				ASSETCATALOG_COMPILER_APPICON_NAME = AppIcon;
				ASSETCATALOG_COMPILER_GLOBAL_ACCENT_COLOR_NAME = AccentColor;
				CODE_SIGN_STYLE = Automatic;
				CURRENT_PROJECT_VERSION = 1;
				DEVELOPMENT_TEAM = "";
				GENERATE_INFOPLIST_FILE = YES;
				INFOPLIST_FILE = CityWeatherApp/Info.plist;
				INFOPLIST_KEY_UIApplicationSupportsIndirectInputEvents = YES;
				INFOPLIST_KEY_UILaunchStoryboardName = LaunchScreen;
				INFOPLIST_KEY_UISupportedInterfaceOrientations_iPad = "UIInterfaceOrientationPortrait UIInterfaceOrientationPortraitUpsideDown UIInterfaceOrientationLandscapeLeft UIInterfaceOrientationLandscapeRight";
				INFOPLIST_KEY_UISupportedInterfaceOrientations_iPhone = UIInterfaceOrientationPortrait;
				IPHONEOS_DEPLOYMENT_TARGET = 16.5;
				LD_RUNPATH_SEARCH_PATHS = (
					"$(inherited)",
					"@executable_path/Frameworks",
				);
				MARKETING_VERSION = 1.0;
				PRODUCT_BUNDLE_IDENTIFIER = com.soyung.CityWeatherApp;
				PRODUCT_NAME = "$(TARGET_NAME)";
				SUPPORTED_PLATFORMS = "iphoneos iphonesimulator";
				SUPPORTS_MACCATALYST = NO;
				SUPPORTS_MAC_DESIGNED_FOR_IPHONE_IPAD = NO;
				SUPPORTS_XR_DESIGNED_FOR_IPHONE_IPAD = NO;
				SWIFT_EMIT_LOC_STRINGS = YES;
				SWIFT_VERSION = 5.0;
				TARGETED_DEVICE_FAMILY = 1;
			};
			name = Debug;
		};
		46D6BC622C3EB05D00A8B683 /* Release */ = {
			isa = XCBuildConfiguration;
			buildSettings = {
				ASSETCATALOG_COMPILER_APPICON_NAME = AppIcon;
				ASSETCATALOG_COMPILER_GLOBAL_ACCENT_COLOR_NAME = AccentColor;
				CODE_SIGN_STYLE = Automatic;
				CURRENT_PROJECT_VERSION = 1;
				DEVELOPMENT_TEAM = "";
				GENERATE_INFOPLIST_FILE = YES;
				INFOPLIST_FILE = CityWeatherApp/Info.plist;
				INFOPLIST_KEY_UIApplicationSupportsIndirectInputEvents = YES;
				INFOPLIST_KEY_UILaunchStoryboardName = LaunchScreen;
				INFOPLIST_KEY_UISupportedInterfaceOrientations_iPad = "UIInterfaceOrientationPortrait UIInterfaceOrientationPortraitUpsideDown UIInterfaceOrientationLandscapeLeft UIInterfaceOrientationLandscapeRight";
				INFOPLIST_KEY_UISupportedInterfaceOrientations_iPhone = UIInterfaceOrientationPortrait;
				IPHONEOS_DEPLOYMENT_TARGET = 16.5;
				LD_RUNPATH_SEARCH_PATHS = (
					"$(inherited)",
					"@executable_path/Frameworks",
				);
				MARKETING_VERSION = 1.0;
				PRODUCT_BUNDLE_IDENTIFIER = com.soyung.CityWeatherApp;
				PRODUCT_NAME = "$(TARGET_NAME)";
				SUPPORTED_PLATFORMS = "iphoneos iphonesimulator";
				SUPPORTS_MACCATALYST = NO;
				SUPPORTS_MAC_DESIGNED_FOR_IPHONE_IPAD = NO;
				SUPPORTS_XR_DESIGNED_FOR_IPHONE_IPAD = NO;
				SWIFT_EMIT_LOC_STRINGS = YES;
				SWIFT_VERSION = 5.0;
				TARGETED_DEVICE_FAMILY = 1;
			};
			name = Release;
		};
/* End XCBuildConfiguration section */

/* Begin XCConfigurationList section */
		46D6BC472C3EB05900A8B683 /* Build configuration list for PBXProject "CityWeatherApp" */ = {
			isa = XCConfigurationList;
			buildConfigurations = (
				46D6BC5E2C3EB05D00A8B683 /* Debug */,
				46D6BC5F2C3EB05D00A8B683 /* Release */,
			);
			defaultConfigurationIsVisible = 0;
			defaultConfigurationName = Release;
		};
		46D6BC602C3EB05D00A8B683 /* Build configuration list for PBXNativeTarget "CityWeatherApp" */ = {
			isa = XCConfigurationList;
			buildConfigurations = (
				46D6BC612C3EB05D00A8B683 /* Debug */,
				46D6BC622C3EB05D00A8B683 /* Release */,
			);
			defaultConfigurationIsVisible = 0;
			defaultConfigurationName = Release;
		};
/* End XCConfigurationList section */

/* Begin XCRemoteSwiftPackageReference section */
		46D3EF6C2C3FD86600E0900F /* XCRemoteSwiftPackageReference "Kingfisher" */ = {
			isa = XCRemoteSwiftPackageReference;
			repositoryURL = "https://github.com/onevcat/Kingfisher";
			requirement = {
				kind = upToNextMajorVersion;
				minimumVersion = 7.12.0;
			};
		};
		46D6BC672C3EB18500A8B683 /* XCRemoteSwiftPackageReference "realm-swift" */ = {
			isa = XCRemoteSwiftPackageReference;
			repositoryURL = "https://github.com/realm/realm-swift.git";
			requirement = {
				branch = master;
				kind = branch;
			};
		};
		46D6BC6A2C3EB19B00A8B683 /* XCRemoteSwiftPackageReference "Alamofire" */ = {
			isa = XCRemoteSwiftPackageReference;
			repositoryURL = "https://github.com/Alamofire/Alamofire.git";
			requirement = {
				kind = upToNextMajorVersion;
				minimumVersion = 5.9.1;
			};
		};
		46D6BC6D2C3EB1FB00A8B683 /* XCRemoteSwiftPackageReference "SnapKit" */ = {
			isa = XCRemoteSwiftPackageReference;
			repositoryURL = "https://github.com/SnapKit/SnapKit.git";
			requirement = {
				kind = upToNextMajorVersion;
				minimumVersion = 5.7.1;
			};
		};
/* End XCRemoteSwiftPackageReference section */

/* Begin XCSwiftPackageProductDependency section */
		46D3EF6D2C3FD86600E0900F /* Kingfisher */ = {
			isa = XCSwiftPackageProductDependency;
			package = 46D3EF6C2C3FD86600E0900F /* XCRemoteSwiftPackageReference "Kingfisher" */;
			productName = Kingfisher;
		};
		46D6BC682C3EB18500A8B683 /* RealmSwift */ = {
			isa = XCSwiftPackageProductDependency;
			package = 46D6BC672C3EB18500A8B683 /* XCRemoteSwiftPackageReference "realm-swift" */;
			productName = RealmSwift;
		};
		46D6BC6B2C3EB19C00A8B683 /* Alamofire */ = {
			isa = XCSwiftPackageProductDependency;
			package = 46D6BC6A2C3EB19B00A8B683 /* XCRemoteSwiftPackageReference "Alamofire" */;
			productName = Alamofire;
		};
		46D6BC6E2C3EB1FB00A8B683 /* SnapKit */ = {
			isa = XCSwiftPackageProductDependency;
			package = 46D6BC6D2C3EB1FB00A8B683 /* XCRemoteSwiftPackageReference "SnapKit" */;
			productName = SnapKit;
		};
/* End XCSwiftPackageProductDependency section */
	};
	rootObject = 46D6BC442C3EB05900A8B683 /* Project object */;
}
